// !$*UTF8*$!
{
	archiveVersion = 1;
	classes = {
	};
	objectVersion = 46;
	objects = {

/* Begin PBXBuildFile section */
		39673B731ABF028000558F67 /* AppDelegate.swift in Sources */ = {isa = PBXBuildFile; fileRef = 39673B721ABF028000558F67 /* AppDelegate.swift */; };
		39673B751ABF028000558F67 /* ViewController.swift in Sources */ = {isa = PBXBuildFile; fileRef = 39673B741ABF028000558F67 /* ViewController.swift */; };
		39673B781ABF028000558F67 /* Main.storyboard in Resources */ = {isa = PBXBuildFile; fileRef = 39673B761ABF028000558F67 /* Main.storyboard */; };
		39673B7A1ABF028000558F67 /* Images.xcassets in Resources */ = {isa = PBXBuildFile; fileRef = 39673B791ABF028000558F67 /* Images.xcassets */; };
		39673B7D1ABF028000558F67 /* LaunchScreen.xib in Resources */ = {isa = PBXBuildFile; fileRef = 39673B7B1ABF028000558F67 /* LaunchScreen.xib */; };
		39673B891ABF028000558F67 /* Calculator_SwiftTests.swift in Sources */ = {isa = PBXBuildFile; fileRef = 39673B881ABF028000558F67 /* Calculator_SwiftTests.swift */; };
/* End PBXBuildFile section */

/* Begin PBXContainerItemProxy section */
		39673B831ABF028000558F67 /* PBXContainerItemProxy */ = {
			isa = PBXContainerItemProxy;
			containerPortal = 39673B651ABF028000558F67 /* Project object */;
			proxyType = 1;
			remoteGlobalIDString = 39673B6C1ABF028000558F67;
			remoteInfo = Calculator_Swift;
		};
/* End PBXContainerItemProxy section */

/* Begin PBXFileReference section */
		39673B6D1ABF028000558F67 /* Calculator_Swift.app */ = {isa = PBXFileReference; explicitFileType = wrapper.application; includeInIndex = 0; path = Calculator_Swift.app; sourceTree = BUILT_PRODUCTS_DIR; };
		39673B711ABF028000558F67 /* Info.plist */ = {isa = PBXFileReference; lastKnownFileType = text.plist.xml; path = Info.plist; sourceTree = "<group>"; };
		39673B721ABF028000558F67 /* AppDelegate.swift */ = {isa = PBXFileReference; lastKnownFileType = sourcecode.swift; path = AppDelegate.swift; sourceTree = "<group>"; };
		39673B741ABF028000558F67 /* ViewController.swift */ = {isa = PBXFileReference; lastKnownFileType = sourcecode.swift; path = ViewController.swift; sourceTree = "<group>"; };
		39673B771ABF028000558F67 /* Base */ = {isa = PBXFileReference; lastKnownFileType = file.storyboard; name = Base; path = Base.lproj/Main.storyboard; sourceTree = "<group>"; };
		39673B791ABF028000558F67 /* Images.xcassets */ = {isa = PBXFileReference; lastKnownFileType = folder.assetcatalog; path = Images.xcassets; sourceTree = "<group>"; };
		39673B7C1ABF028000558F67 /* Base */ = {isa = PBXFileReference; lastKnownFileType = file.xib; name = Base; path = Base.lproj/LaunchScreen.xib; sourceTree = "<group>"; };
		39673B821ABF028000558F67 /* Calculator_SwiftTests.xctest */ = {isa = PBXFileReference; explicitFileType = wrapper.cfbundle; includeInIndex = 0; path = Calculator_SwiftTests.xctest; sourceTree = BUILT_PRODUCTS_DIR; };
		39673B871ABF028000558F67 /* Info.plist */ = {isa = PBXFileReference; lastKnownFileType = text.plist.xml; path = Info.plist; sourceTree = "<group>"; };
		39673B881ABF028000558F67 /* Calculator_SwiftTests.swift */ = {isa = PBXFileReference; lastKnownFileType = sourcecode.swift; path = Calculator_SwiftTests.swift; sourceTree = "<group>"; };
/* End PBXFileReference section */

/* Begin PBXFrameworksBuildPhase section */
		39673B6A1ABF028000558F67 /* Frameworks */ = {
			isa = PBXFrameworksBuildPhase;
			buildActionMask = 2147483647;
			files = (
			);
			runOnlyForDeploymentPostprocessing = 0;
		};
		39673B7F1ABF028000558F67 /* Frameworks */ = {
			isa = PBXFrameworksBuildPhase;
			buildActionMask = 2147483647;
			files = (
			);
			runOnlyForDeploymentPostprocessing = 0;
		};
/* End PBXFrameworksBuildPhase section */

/* Begin PBXGroup section */
		39673B641ABF028000558F67 = {
			isa = PBXGroup;
			children = (
				39673B6F1ABF028000558F67 /* Calculator_Swift */,
				39673B851ABF028000558F67 /* Calculator_SwiftTests */,
				39673B6E1ABF028000558F67 /* Products */,
			);
			sourceTree = "<group>";
		};
		39673B6E1ABF028000558F67 /* Products */ = {
			isa = PBXGroup;
			children = (
				39673B6D1ABF028000558F67 /* Calculator_Swift.app */,
				39673B821ABF028000558F67 /* Calculator_SwiftTests.xctest */,
			);
			name = Products;
			sourceTree = "<group>";
		};
		39673B6F1ABF028000558F67 /* Calculator_Swift */ = {
			isa = PBXGroup;
			children = (
				39673B721ABF028000558F67 /* AppDelegate.swift */,
				39673B741ABF028000558F67 /* ViewController.swift */,
				39673B761ABF028000558F67 /* Main.storyboard */,
				39673B791ABF028000558F67 /* Images.xcassets */,
				39673B7B1ABF028000558F67 /* LaunchScreen.xib */,
				39673B701ABF028000558F67 /* Supporting Files */,
			);
			path = Calculator_Swift;
			sourceTree = "<group>";
		};
		39673B701ABF028000558F67 /* Supporting Files */ = {
			isa = PBXGroup;
			children = (
				39673B711ABF028000558F67 /* Info.plist */,
			);
			name = "Supporting Files";
			sourceTree = "<group>";
		};
		39673B851ABF028000558F67 /* Calculator_SwiftTests */ = {
			isa = PBXGroup;
			children = (
				39673B881ABF028000558F67 /* Calculator_SwiftTests.swift */,
				39673B861ABF028000558F67 /* Supporting Files */,
			);
			path = Calculator_SwiftTests;
			sourceTree = "<group>";
		};
		39673B861ABF028000558F67 /* Supporting Files */ = {
			isa = PBXGroup;
			children = (
				39673B871ABF028000558F67 /* Info.plist */,
			);
			name = "Supporting Files";
			sourceTree = "<group>";
		};
/* End PBXGroup section */

/* Begin PBXNativeTarget section */
		39673B6C1ABF028000558F67 /* Calculator_Swift */ = {
			isa = PBXNativeTarget;
			buildConfigurationList = 39673B8C1ABF028000558F67 /* Build configuration list for PBXNativeTarget "Calculator_Swift" */;
			buildPhases = (
				39673B691ABF028000558F67 /* Sources */,
				39673B6A1ABF028000558F67 /* Frameworks */,
				39673B6B1ABF028000558F67 /* Resources */,
			);
			buildRules = (
			);
			dependencies = (
			);
			name = Calculator_Swift;
			productName = Calculator_Swift;
			productReference = 39673B6D1ABF028000558F67 /* Calculator_Swift.app */;
			productType = "com.apple.product-type.application";
		};
		39673B811ABF028000558F67 /* Calculator_SwiftTests */ = {
			isa = PBXNativeTarget;
			buildConfigurationList = 39673B8F1ABF028000558F67 /* Build configuration list for PBXNativeTarget "Calculator_SwiftTests" */;
			buildPhases = (
				39673B7E1ABF028000558F67 /* Sources */,
				39673B7F1ABF028000558F67 /* Frameworks */,
				39673B801ABF028000558F67 /* Resources */,
			);
			buildRules = (
			);
			dependencies = (
				39673B841ABF028000558F67 /* PBXTargetDependency */,
			);
			name = Calculator_SwiftTests;
			productName = Calculator_SwiftTests;
			productReference = 39673B821ABF028000558F67 /* Calculator_SwiftTests.xctest */;
			productType = "com.apple.product-type.bundle.unit-test";
		};
/* End PBXNativeTarget section */

/* Begin PBXProject section */
		39673B651ABF028000558F67 /* Project object */ = {
			isa = PBXProject;
			attributes = {
				LastUpgradeCheck = 0610;
				ORGANIZATIONNAME = TakedaHajime;
				TargetAttributes = {
					39673B6C1ABF028000558F67 = {
						CreatedOnToolsVersion = 6.1.1;
					};
					39673B811ABF028000558F67 = {
						CreatedOnToolsVersion = 6.1.1;
						TestTargetID = 39673B6C1ABF028000558F67;
					};
				};
			};
			buildConfigurationList = 39673B681ABF028000558F67 /* Build configuration list for PBXProject "Calculator_Swift" */;
			compatibilityVersion = "Xcode 3.2";
			developmentRegion = English;
			hasScannedForEncodings = 0;
			knownRegions = (
				en,
				Base,
			);
			mainGroup = 39673B641ABF028000558F67;
			productRefGroup = 39673B6E1ABF028000558F67 /* Products */;
			projectDirPath = "";
			projectRoot = "";
			targets = (
				39673B6C1ABF028000558F67 /* Calculator_Swift */,
				39673B811ABF028000558F67 /* Calculator_SwiftTests */,
			);
		};
/* End PBXProject section */

/* Begin PBXResourcesBuildPhase section */
		39673B6B1ABF028000558F67 /* Resources */ = {
			isa = PBXResourcesBuildPhase;
			buildActionMask = 2147483647;
			files = (
				39673B781ABF028000558F67 /* Main.storyboard in Resources */,
				39673B7D1ABF028000558F67 /* LaunchScreen.xib in Resources */,
				39673B7A1ABF028000558F67 /* Images.xcassets in Resources */,
			);
			runOnlyForDeploymentPostprocessing = 0;
		};
		39673B801ABF028000558F67 /* Resources */ = {
			isa = PBXResourcesBuildPhase;
			buildActionMask = 2147483647;
			files = (
			);
			runOnlyForDeploymentPostprocessing = 0;
		};
/* End PBXResourcesBuildPhase section */

/* Begin PBXSourcesBuildPhase section */
		39673B691ABF028000558F67 /* Sources */ = {
			isa = PBXSourcesBuildPhase;
			buildActionMask = 2147483647;
			files = (
				39673B751ABF028000558F67 /* ViewController.swift in Sources */,
				39673B731ABF028000558F67 /* AppDelegate.swift in Sources */,
			);
			runOnlyForDeploymentPostprocessing = 0;
		};
		39673B7E1ABF028000558F67 /* Sources */ = {
			isa = PBXSourcesBuildPhase;
			buildActionMask = 2147483647;
			files = (
				39673B891ABF028000558F67 /* Calculator_SwiftTests.swift in Sources */,
			);
			runOnlyForDeploymentPostprocessing = 0;
		};
/* End PBXSourcesBuildPhase section */

/* Begin PBXTargetDependency section */
		39673B841ABF028000558F67 /* PBXTargetDependency */ = {
			isa = PBXTargetDependency;
			target = 39673B6C1ABF028000558F67 /* Calculator_Swift */;
			targetProxy = 39673B831ABF028000558F67 /* PBXContainerItemProxy */;
		};
/* End PBXTargetDependency section */

/* Begin PBXVariantGroup section */
		39673B761ABF028000558F67 /* Main.storyboard */ = {
			isa = PBXVariantGroup;
			children = (
				39673B771ABF028000558F67 /* Base */,
			);
			name = Main.storyboard;
			sourceTree = "<group>";
		};
		39673B7B1ABF028000558F67 /* LaunchScreen.xib */ = {
			isa = PBXVariantGroup;
			children = (
				39673B7C1ABF028000558F67 /* Base */,
			);
			name = LaunchScreen.xib;
			sourceTree = "<group>";
		};
/* End PBXVariantGroup section */

/* Begin XCBuildConfiguration section */
		39673B8A1ABF028000558F67 /* Debug */ = {
			isa = XCBuildConfiguration;
			buildSettings = {
				ALWAYS_SEARCH_USER_PATHS = NO;
				CLANG_CXX_LANGUAGE_STANDARD = "gnu++0x";
				CLANG_CXX_LIBRARY = "libc++";
				CLANG_ENABLE_MODULES = YES;
				CLANG_ENABLE_OBJC_ARC = YES;
				CLANG_WARN_BOOL_CONVERSION = YES;
				CLANG_WARN_CONSTANT_CONVERSION = YES;
				CLANG_WARN_DIRECT_OBJC_ISA_USAGE = YES_ERROR;
				CLANG_WARN_EMPTY_BODY = YES;
				CLANG_WARN_ENUM_CONVERSION = YES;
				CLANG_WARN_INT_CONVERSION = YES;
				CLANG_WARN_OBJC_ROOT_CLASS = YES_ERROR;
				CLANG_WARN_UNREACHABLE_CODE = YES;
				CLANG_WARN__DUPLICATE_METHOD_MATCH = YES;
				"CODE_SIGN_IDENTITY[sdk=iphoneos*]" = "iPhone Developer";
				COPY_PHASE_STRIP = NO;
				ENABLE_STRICT_OBJC_MSGSEND = YES;
				GCC_C_LANGUAGE_STANDARD = gnu99;
				GCC_DYNAMIC_NO_PIC = NO;
				GCC_OPTIMIZATION_LEVEL = 0;
				GCC_PREPROCESSOR_DEFINITIONS = (
					"DEBUG=1",
					"$(inherited)",
				);
				GCC_SYMBOLS_PRIVATE_EXTERN = NO;
				GCC_WARN_64_TO_32_BIT_CONVERSION = YES;
				GCC_WARN_ABOUT_RETURN_TYPE = YES_ERROR;
				GCC_WARN_UNDECLARED_SELECTOR = YES;
				GCC_WARN_UNINITIALIZED_AUTOS = YES_AGGRESSIVE;
				GCC_WARN_UNUSED_FUNCTION = YES;
				GCC_WARN_UNUSED_VARIABLE = YES;
				IPHONEOS_DEPLOYMENT_TARGET = 8.1;
				MTL_ENABLE_DEBUG_INFO = YES;
				ONLY_ACTIVE_ARCH = YES;
				SDKROOT = iphoneos;
				SWIFT_OPTIMIZATION_LEVEL = "-Onone";
			};
			name = Debug;
		};
		39673B8B1ABF028000558F67 /* Release */ = {
			isa = XCBuildConfiguration;
			buildSettings = {
				ALWAYS_SEARCH_USER_PATHS = NO;
				CLANG_CXX_LANGUAGE_STANDARD = "gnu++0x";
				CLANG_CXX_LIBRARY = "libc++";
				CLANG_ENABLE_MODULES = YES;
				CLANG_ENABLE_OBJC_ARC = YES;
				CLANG_WARN_BOOL_CONVERSION = YES;
				CLANG_WARN_CONSTANT_CONVERSION = YES;
				CLANG_WARN_DIRECT_OBJC_ISA_USAGE = YES_ERROR;
				CLANG_WARN_EMPTY_BODY = YES;
				CLANG_WARN_ENUM_CONVERSION = YES;
				CLANG_WARN_INT_CONVERSION = YES;
				CLANG_WARN_OBJC_ROOT_CLASS = YES_ERROR;
				CLANG_WARN_UNREACHABLE_CODE = YES;
				CLANG_WARN__DUPLICATE_METHOD_MATCH = YES;
				"CODE_SIGN_IDENTITY[sdk=iphoneos*]" = "iPhone Developer";
				COPY_PHASE_STRIP = YES;
				ENABLE_NS_ASSERTIONS = NO;
				ENABLE_STRICT_OBJC_MSGSEND = YES;
				GCC_C_LANGUAGE_STANDARD = gnu99;
				GCC_WARN_64_TO_32_BIT_CONVERSION = YES;
				GCC_WARN_ABOUT_RETURN_TYPE = YES_ERROR;
				GCC_WARN_UNDECLARED_SELECTOR = YES;
				GCC_WARN_UNINITIALIZED_AUTOS = YES_AGGRESSIVE;
				GCC_WARN_UNUSED_FUNCTION = YES;
				GCC_WARN_UNUSED_VARIABLE = YES;
				IPHONEOS_DEPLOYMENT_TARGET = 8.1;
				MTL_ENABLE_DEBUG_INFO = NO;
				SDKROOT = iphoneos;
				VALIDATE_PRODUCT = YES;
			};
			name = Release;
		};
		39673B8D1ABF028000558F67 /* Debug */ = {
			isa = XCBuildConfiguration;
			buildSettings = {
				ASSETCATALOG_COMPILER_APPICON_NAME = AppIcon;
				INFOPLIST_FILE = Calculator_Swift/Info.plist;
				LD_RUNPATH_SEARCH_PATHS = "$(inherited) @executable_path/Frameworks";
				PRODUCT_NAME = "$(TARGET_NAME)";
			};
			name = Debug;
		};
		39673B8E1ABF028000558F67 /* Release */ = {
			isa = XCBuildConfiguration;
			buildSettings = {
				ASSETCATALOG_COMPILER_APPICON_NAME = AppIcon;
				INFOPLIST_FILE = Calculator_Swift/Info.plist;
				LD_RUNPATH_SEARCH_PATHS = "$(inherited) @executable_path/Frameworks";
				PRODUCT_NAME = "$(TARGET_NAME)";
			};
			name = Release;
		};
		39673B901ABF028000558F67 /* Debug */ = {
			isa = XCBuildConfiguration;
			buildSettings = {
				BUNDLE_LOADER = "$(TEST_HOST)";
				FRAMEWORK_SEARCH_PATHS = (
					"$(SDKROOT)/Developer/Library/Frameworks",
					"$(inherited)",
				);
				GCC_PREPROCESSOR_DEFINITIONS = (
					"DEBUG=1",
					"$(inherited)",
				);
				INFOPLIST_FILE = Calculator_SwiftTests/Info.plist;
				LD_RUNPATH_SEARCH_PATHS = "$(inherited) @executable_path/Frameworks @loader_path/Frameworks";
				PRODUCT_NAME = "$(TARGET_NAME)";
				TEST_HOST = "$(BUILT_PRODUCTS_DIR)/Calculator_Swift.app/Calculator_Swift";
			};
			name = Debug;
		};
		39673B911ABF028000558F67 /* Release */ = {
			isa = XCBuildConfiguration;
			buildSettings = {
				BUNDLE_LOADER = "$(TEST_HOST)";
				FRAMEWORK_SEARCH_PATHS = (
					"$(SDKROOT)/Developer/Library/Frameworks",
					"$(inherited)",
				);
				INFOPLIST_FILE = Calculator_SwiftTests/Info.plist;
				LD_RUNPATH_SEARCH_PATHS = "$(inherited) @executable_path/Frameworks @loader_path/Frameworks";
				PRODUCT_NAME = "$(TARGET_NAME)";
				TEST_HOST = "$(BUILT_PRODUCTS_DIR)/Calculator_Swift.app/Calculator_Swift";
			};
			name = Release;
		};
/* End XCBuildConfiguration section */

/* Begin XCConfigurationList section */
		39673B681ABF028000558F67 /* Build configuration list for PBXProject "Calculator_Swift" */ = {
			isa = XCConfigurationList;
			buildConfigurations = (
				39673B8A1ABF028000558F67 /* Debug */,
				39673B8B1ABF028000558F67 /* Release */,
			);
			defaultConfigurationIsVisible = 0;
			defaultConfigurationName = Release;
		};
		39673B8C1ABF028000558F67 /* Build configuration list for PBXNativeTarget "Calculator_Swift" */ = {
			isa = XCConfigurationList;
			buildConfigurations = (
				39673B8D1ABF028000558F67 /* Debug */,
				39673B8E1ABF028000558F67 /* Release */,
			);
			defaultConfigurationIsVisible = 0;
		};
		39673B8F1ABF028000558F67 /* Build configuration list for PBXNativeTarget "Calculator_SwiftTests" */ = {
			isa = XCConfigurationList;
			buildConfigurations = (
				39673B901ABF028000558F67 /* Debug */,
				39673B911ABF028000558F67 /* Release */,
			);
			defaultConfigurationIsVisible = 0;
		};
/* End XCConfigurationList section */
	};
	rootObject = 39673B651ABF028000558F67 /* Project object */;
}
